// !$*UTF8*$!
{
	archiveVersion = 1;
	classes = {
	};
	objectVersion = 56;
	objects = {

/* Begin PBXBuildFile section */
		64A671F42AD96741007615B1 /* ReadGitaApp.swift in Sources */ = {isa = PBXBuildFile; fileRef = 64A671F32AD96741007615B1 /* ReadGitaApp.swift */; };
		64A671F82AD96743007615B1 /* Assets.xcassets in Resources */ = {isa = PBXBuildFile; fileRef = 64A671F72AD96743007615B1 /* Assets.xcassets */; };
		64A671FB2AD96743007615B1 /* Preview Assets.xcassets in Resources */ = {isa = PBXBuildFile; fileRef = 64A671FA2AD96743007615B1 /* Preview Assets.xcassets */; };
		64A672372AD967AE007615B1 /* BookRepositoryProtocol.swift in Sources */ = {isa = PBXBuildFile; fileRef = 64A6721E2AD967AE007615B1 /* BookRepositoryProtocol.swift */; };
		64A672382AD967AE007615B1 /* BookRepository.swift in Sources */ = {isa = PBXBuildFile; fileRef = 64A6721F2AD967AE007615B1 /* BookRepository.swift */; };
		64A672392AD967AE007615B1 /* BookRepositoryDataSource.swift in Sources */ = {isa = PBXBuildFile; fileRef = 64A672202AD967AE007615B1 /* BookRepositoryDataSource.swift */; };
		64A6723A2AD967AE007615B1 /* Commentaries.swift in Sources */ = {isa = PBXBuildFile; fileRef = 64A672222AD967AE007615B1 /* Commentaries.swift */; };
		64A6723B2AD967AE007615B1 /* Translations.swift in Sources */ = {isa = PBXBuildFile; fileRef = 64A672232AD967AE007615B1 /* Translations.swift */; };
		64A6723C2AD967AE007615B1 /* Chapter.swift in Sources */ = {isa = PBXBuildFile; fileRef = 64A672242AD967AE007615B1 /* Chapter.swift */; };
		64A6723D2AD967AE007615B1 /* Verses.swift in Sources */ = {isa = PBXBuildFile; fileRef = 64A672252AD967AE007615B1 /* Verses.swift */; };
		64A6723E2AD967AE007615B1 /* Constant.swift in Sources */ = {isa = PBXBuildFile; fileRef = 64A672272AD967AE007615B1 /* Constant.swift */; };
		64A672402AD967AE007615B1 /* HomeView.swift in Sources */ = {isa = PBXBuildFile; fileRef = 64A6722A2AD967AE007615B1 /* HomeView.swift */; };
		64A672412AD967AE007615B1 /* VerseContentView.swift in Sources */ = {isa = PBXBuildFile; fileRef = 64A6722C2AD967AE007615B1 /* VerseContentView.swift */; };
		64A672422AD967AE007615B1 /* BackButtonView.swift in Sources */ = {isa = PBXBuildFile; fileRef = 64A6722D2AD967AE007615B1 /* BackButtonView.swift */; };
		64A672432AD967AE007615B1 /* GradientView.swift in Sources */ = {isa = PBXBuildFile; fileRef = 64A6722E2AD967AE007615B1 /* GradientView.swift */; };
		64A672442AD967AE007615B1 /* ChapterContentView.swift in Sources */ = {isa = PBXBuildFile; fileRef = 64A6722F2AD967AE007615B1 /* ChapterContentView.swift */; };
		64A672452AD967AE007615B1 /* LoadingView.swift in Sources */ = {isa = PBXBuildFile; fileRef = 64A672302AD967AE007615B1 /* LoadingView.swift */; };
		64A672472AD967AE007615B1 /* ChapterListView.swift in Sources */ = {isa = PBXBuildFile; fileRef = 64A672322AD967AE007615B1 /* ChapterListView.swift */; };
		64A672482AD967AE007615B1 /* PageView.swift in Sources */ = {isa = PBXBuildFile; fileRef = 64A672332AD967AE007615B1 /* PageView.swift */; };
		64A672492AD967AE007615B1 /* ChapterListViewModel.swift in Sources */ = {isa = PBXBuildFile; fileRef = 64A672352AD967AE007615B1 /* ChapterListViewModel.swift */; };
		64A6724A2AD967AE007615B1 /* PageViewModel.swift in Sources */ = {isa = PBXBuildFile; fileRef = 64A672362AD967AE007615B1 /* PageViewModel.swift */; };
		64A6724C2AD967F1007615B1 /* BookRepositoryDataSourceTests.swift in Sources */ = {isa = PBXBuildFile; fileRef = 64A6724B2AD967F1007615B1 /* BookRepositoryDataSourceTests.swift */; };
		64CEDD802ADD2DE1000D39C3 /* ChapterListViewModelTests.swift in Sources */ = {isa = PBXBuildFile; fileRef = 64CEDD7F2ADD2DE1000D39C3 /* ChapterListViewModelTests.swift */; };
		64CEDD822ADD32FB000D39C3 /* MockBookRepository.swift in Sources */ = {isa = PBXBuildFile; fileRef = 64CEDD812ADD32FB000D39C3 /* MockBookRepository.swift */; };
		64CEDD862ADD4FA6000D39C3 /* PageViewModelTests.swift in Sources */ = {isa = PBXBuildFile; fileRef = 64CEDD852ADD4FA6000D39C3 /* PageViewModelTests.swift */; };
		64CEDD882ADD5653000D39C3 /* MockDataSource.swift in Sources */ = {isa = PBXBuildFile; fileRef = 64CEDD872ADD5653000D39C3 /* MockDataSource.swift */; };
		64CEDD8A2ADD5CDE000D39C3 /* BookRepositoryDataSourceProtocol.swift in Sources */ = {isa = PBXBuildFile; fileRef = 64CEDD892ADD5CDE000D39C3 /* BookRepositoryDataSourceProtocol.swift */; };
		64CEDD8C2ADD6713000D39C3 /* BookRepositoryTests.swift in Sources */ = {isa = PBXBuildFile; fileRef = 64CEDD8B2ADD6713000D39C3 /* BookRepositoryTests.swift */; };
		64CEDD8E2ADE53DF000D39C3 /* HomeViewUITests.swift in Sources */ = {isa = PBXBuildFile; fileRef = 64CEDD8D2ADE53DF000D39C3 /* HomeViewUITests.swift */; };
		64CEDD902ADE55E8000D39C3 /* PageViewUITests.swift in Sources */ = {isa = PBXBuildFile; fileRef = 64CEDD8F2ADE55E8000D39C3 /* PageViewUITests.swift */; };
		64CEDD932ADE660B000D39C3 /* Constants.swift in Sources */ = {isa = PBXBuildFile; fileRef = 64CEDD922ADE660B000D39C3 /* Constants.swift */; };
		64CEDD952ADE7936000D39C3 /* ChapterListViewUITest.swift in Sources */ = {isa = PBXBuildFile; fileRef = 64CEDD942ADE7936000D39C3 /* ChapterListViewUITest.swift */; };
		64CEDD992ADE8C2C000D39C3 /* VerseContentViewUITests.swift in Sources */ = {isa = PBXBuildFile; fileRef = 64CEDD982ADE8C2C000D39C3 /* VerseContentViewUITests.swift */; };
/* End PBXBuildFile section */

/* Begin PBXContainerItemProxy section */
		64A672012AD96744007615B1 /* PBXContainerItemProxy */ = {
			isa = PBXContainerItemProxy;
			containerPortal = 64A671E82AD96741007615B1 /* Project object */;
			proxyType = 1;
			remoteGlobalIDString = 64A671EF2AD96741007615B1;
			remoteInfo = ReadGita;
		};
		64A6720B2AD96744007615B1 /* PBXContainerItemProxy */ = {
			isa = PBXContainerItemProxy;
			containerPortal = 64A671E82AD96741007615B1 /* Project object */;
			proxyType = 1;
			remoteGlobalIDString = 64A671EF2AD96741007615B1;
			remoteInfo = ReadGita;
		};
/* End PBXContainerItemProxy section */

/* Begin PBXFileReference section */
		64A671F02AD96741007615B1 /* ReadGita.app */ = {isa = PBXFileReference; explicitFileType = wrapper.application; includeInIndex = 0; path = ReadGita.app; sourceTree = BUILT_PRODUCTS_DIR; };
		64A671F32AD96741007615B1 /* ReadGitaApp.swift */ = {isa = PBXFileReference; lastKnownFileType = sourcecode.swift; path = ReadGitaApp.swift; sourceTree = "<group>"; };
		64A671F72AD96743007615B1 /* Assets.xcassets */ = {isa = PBXFileReference; lastKnownFileType = folder.assetcatalog; path = Assets.xcassets; sourceTree = "<group>"; };
		64A671FA2AD96743007615B1 /* Preview Assets.xcassets */ = {isa = PBXFileReference; lastKnownFileType = folder.assetcatalog; path = "Preview Assets.xcassets"; sourceTree = "<group>"; };
		64A672002AD96744007615B1 /* ReadGitaTests.xctest */ = {isa = PBXFileReference; explicitFileType = wrapper.cfbundle; includeInIndex = 0; path = ReadGitaTests.xctest; sourceTree = BUILT_PRODUCTS_DIR; };
		64A6720A2AD96744007615B1 /* ReadGitaUITests.xctest */ = {isa = PBXFileReference; explicitFileType = wrapper.cfbundle; includeInIndex = 0; path = ReadGitaUITests.xctest; sourceTree = BUILT_PRODUCTS_DIR; };
		64A6721E2AD967AE007615B1 /* BookRepositoryProtocol.swift */ = {isa = PBXFileReference; fileEncoding = 4; lastKnownFileType = sourcecode.swift; path = BookRepositoryProtocol.swift; sourceTree = "<group>"; };
		64A6721F2AD967AE007615B1 /* BookRepository.swift */ = {isa = PBXFileReference; fileEncoding = 4; lastKnownFileType = sourcecode.swift; path = BookRepository.swift; sourceTree = "<group>"; };
		64A672202AD967AE007615B1 /* BookRepositoryDataSource.swift */ = {isa = PBXFileReference; fileEncoding = 4; lastKnownFileType = sourcecode.swift; path = BookRepositoryDataSource.swift; sourceTree = "<group>"; };
		64A672222AD967AE007615B1 /* Commentaries.swift */ = {isa = PBXFileReference; fileEncoding = 4; lastKnownFileType = sourcecode.swift; path = Commentaries.swift; sourceTree = "<group>"; };
		64A672232AD967AE007615B1 /* Translations.swift */ = {isa = PBXFileReference; fileEncoding = 4; lastKnownFileType = sourcecode.swift; path = Translations.swift; sourceTree = "<group>"; };
		64A672242AD967AE007615B1 /* Chapter.swift */ = {isa = PBXFileReference; fileEncoding = 4; lastKnownFileType = sourcecode.swift; path = Chapter.swift; sourceTree = "<group>"; };
		64A672252AD967AE007615B1 /* Verses.swift */ = {isa = PBXFileReference; fileEncoding = 4; lastKnownFileType = sourcecode.swift; path = Verses.swift; sourceTree = "<group>"; };
		64A672272AD967AE007615B1 /* Constant.swift */ = {isa = PBXFileReference; fileEncoding = 4; lastKnownFileType = sourcecode.swift; path = Constant.swift; sourceTree = "<group>"; };
		64A6722A2AD967AE007615B1 /* HomeView.swift */ = {isa = PBXFileReference; fileEncoding = 4; lastKnownFileType = sourcecode.swift; path = HomeView.swift; sourceTree = "<group>"; };
		64A6722C2AD967AE007615B1 /* VerseContentView.swift */ = {isa = PBXFileReference; fileEncoding = 4; lastKnownFileType = sourcecode.swift; path = VerseContentView.swift; sourceTree = "<group>"; };
		64A6722D2AD967AE007615B1 /* BackButtonView.swift */ = {isa = PBXFileReference; fileEncoding = 4; lastKnownFileType = sourcecode.swift; path = BackButtonView.swift; sourceTree = "<group>"; };
		64A6722E2AD967AE007615B1 /* GradientView.swift */ = {isa = PBXFileReference; fileEncoding = 4; lastKnownFileType = sourcecode.swift; path = GradientView.swift; sourceTree = "<group>"; };
		64A6722F2AD967AE007615B1 /* ChapterContentView.swift */ = {isa = PBXFileReference; fileEncoding = 4; lastKnownFileType = sourcecode.swift; path = ChapterContentView.swift; sourceTree = "<group>"; };
		64A672302AD967AE007615B1 /* LoadingView.swift */ = {isa = PBXFileReference; fileEncoding = 4; lastKnownFileType = sourcecode.swift; path = LoadingView.swift; sourceTree = "<group>"; };
		64A672322AD967AE007615B1 /* ChapterListView.swift */ = {isa = PBXFileReference; fileEncoding = 4; lastKnownFileType = sourcecode.swift; path = ChapterListView.swift; sourceTree = "<group>"; };
		64A672332AD967AE007615B1 /* PageView.swift */ = {isa = PBXFileReference; fileEncoding = 4; lastKnownFileType = sourcecode.swift; path = PageView.swift; sourceTree = "<group>"; };
		64A672352AD967AE007615B1 /* ChapterListViewModel.swift */ = {isa = PBXFileReference; fileEncoding = 4; lastKnownFileType = sourcecode.swift; path = ChapterListViewModel.swift; sourceTree = "<group>"; };
		64A672362AD967AE007615B1 /* PageViewModel.swift */ = {isa = PBXFileReference; fileEncoding = 4; lastKnownFileType = sourcecode.swift; path = PageViewModel.swift; sourceTree = "<group>"; };
		64A6724B2AD967F1007615B1 /* BookRepositoryDataSourceTests.swift */ = {isa = PBXFileReference; fileEncoding = 4; lastKnownFileType = sourcecode.swift; path = BookRepositoryDataSourceTests.swift; sourceTree = "<group>"; };
		64CEDD7F2ADD2DE1000D39C3 /* ChapterListViewModelTests.swift */ = {isa = PBXFileReference; lastKnownFileType = sourcecode.swift; path = ChapterListViewModelTests.swift; sourceTree = "<group>"; };
		64CEDD812ADD32FB000D39C3 /* MockBookRepository.swift */ = {isa = PBXFileReference; lastKnownFileType = sourcecode.swift; path = MockBookRepository.swift; sourceTree = "<group>"; };
		64CEDD852ADD4FA6000D39C3 /* PageViewModelTests.swift */ = {isa = PBXFileReference; lastKnownFileType = sourcecode.swift; path = PageViewModelTests.swift; sourceTree = "<group>"; };
		64CEDD872ADD5653000D39C3 /* MockDataSource.swift */ = {isa = PBXFileReference; lastKnownFileType = sourcecode.swift; path = MockDataSource.swift; sourceTree = "<group>"; };
		64CEDD892ADD5CDE000D39C3 /* BookRepositoryDataSourceProtocol.swift */ = {isa = PBXFileReference; lastKnownFileType = sourcecode.swift; path = BookRepositoryDataSourceProtocol.swift; sourceTree = "<group>"; };
		64CEDD8B2ADD6713000D39C3 /* BookRepositoryTests.swift */ = {isa = PBXFileReference; lastKnownFileType = sourcecode.swift; path = BookRepositoryTests.swift; sourceTree = "<group>"; };
		64CEDD8D2ADE53DF000D39C3 /* HomeViewUITests.swift */ = {isa = PBXFileReference; lastKnownFileType = sourcecode.swift; path = HomeViewUITests.swift; sourceTree = "<group>"; };
		64CEDD8F2ADE55E8000D39C3 /* PageViewUITests.swift */ = {isa = PBXFileReference; lastKnownFileType = sourcecode.swift; path = PageViewUITests.swift; sourceTree = "<group>"; };
		64CEDD922ADE660B000D39C3 /* Constants.swift */ = {isa = PBXFileReference; lastKnownFileType = sourcecode.swift; path = Constants.swift; sourceTree = "<group>"; };
		64CEDD942ADE7936000D39C3 /* ChapterListViewUITest.swift */ = {isa = PBXFileReference; lastKnownFileType = sourcecode.swift; path = ChapterListViewUITest.swift; sourceTree = "<group>"; };
		64CEDD982ADE8C2C000D39C3 /* VerseContentViewUITests.swift */ = {isa = PBXFileReference; lastKnownFileType = sourcecode.swift; path = VerseContentViewUITests.swift; sourceTree = "<group>"; };
/* End PBXFileReference section */

/* Begin PBXFrameworksBuildPhase section */
		64A671ED2AD96741007615B1 /* Frameworks */ = {
			isa = PBXFrameworksBuildPhase;
			buildActionMask = 2147483647;
			files = (
			);
			runOnlyForDeploymentPostprocessing = 0;
		};
		64A671FD2AD96744007615B1 /* Frameworks */ = {
			isa = PBXFrameworksBuildPhase;
			buildActionMask = 2147483647;
			files = (
			);
			runOnlyForDeploymentPostprocessing = 0;
		};
		64A672072AD96744007615B1 /* Frameworks */ = {
			isa = PBXFrameworksBuildPhase;
			buildActionMask = 2147483647;
			files = (
			);
			runOnlyForDeploymentPostprocessing = 0;
		};
/* End PBXFrameworksBuildPhase section */

/* Begin PBXGroup section */
		64A671E72AD96741007615B1 = {
			isa = PBXGroup;
			children = (
				64A671F22AD96741007615B1 /* ReadGita */,
				64A672032AD96744007615B1 /* ReadGitaTests */,
				64A6720D2AD96744007615B1 /* ReadGitaUITests */,
				64A671F12AD96741007615B1 /* Products */,
			);
			sourceTree = "<group>";
		};
		64A671F12AD96741007615B1 /* Products */ = {
			isa = PBXGroup;
			children = (
				64A671F02AD96741007615B1 /* ReadGita.app */,
				64A672002AD96744007615B1 /* ReadGitaTests.xctest */,
				64A6720A2AD96744007615B1 /* ReadGitaUITests.xctest */,
			);
			name = Products;
			sourceTree = "<group>";
		};
		64A671F22AD96741007615B1 /* ReadGita */ = {
			isa = PBXGroup;
			children = (
				64A672212AD967AE007615B1 /* Model */,
				64A6721D2AD967AE007615B1 /* Repository */,
				64A672262AD967AE007615B1 /* Utilities */,
				64A672292AD967AE007615B1 /* View */,
				64A672342AD967AE007615B1 /* ViewModel */,
				64A671F32AD96741007615B1 /* ReadGitaApp.swift */,
				64A671F72AD96743007615B1 /* Assets.xcassets */,
				64A671F92AD96743007615B1 /* Preview Content */,
			);
			path = ReadGita;
			sourceTree = "<group>";
		};
		64A671F92AD96743007615B1 /* Preview Content */ = {
			isa = PBXGroup;
			children = (
				64A671FA2AD96743007615B1 /* Preview Assets.xcassets */,
			);
			path = "Preview Content";
			sourceTree = "<group>";
		};
		64A672032AD96744007615B1 /* ReadGitaTests */ = {
			isa = PBXGroup;
			children = (
				64A6724B2AD967F1007615B1 /* BookRepositoryDataSourceTests.swift */,
				64CEDD7F2ADD2DE1000D39C3 /* ChapterListViewModelTests.swift */,
				64CEDD812ADD32FB000D39C3 /* MockBookRepository.swift */,
				64CEDD852ADD4FA6000D39C3 /* PageViewModelTests.swift */,
				64CEDD872ADD5653000D39C3 /* MockDataSource.swift */,
				64CEDD8B2ADD6713000D39C3 /* BookRepositoryTests.swift */,
			);
			path = ReadGitaTests;
			sourceTree = "<group>";
		};
		64A6720D2AD96744007615B1 /* ReadGitaUITests */ = {
			isa = PBXGroup;
			children = (
				64CEDD912ADE65F9000D39C3 /* UITestUtils */,
				64CEDD8D2ADE53DF000D39C3 /* HomeViewUITests.swift */,
				64CEDD8F2ADE55E8000D39C3 /* PageViewUITests.swift */,
				64CEDD942ADE7936000D39C3 /* ChapterListViewUITest.swift */,
				64CEDD982ADE8C2C000D39C3 /* VerseContentViewUITests.swift */,
			);
			path = ReadGitaUITests;
			sourceTree = "<group>";
		};
		64A6721D2AD967AE007615B1 /* Repository */ = {
			isa = PBXGroup;
			children = (
				64A6721E2AD967AE007615B1 /* BookRepositoryProtocol.swift */,
				64A6721F2AD967AE007615B1 /* BookRepository.swift */,
				64A672202AD967AE007615B1 /* BookRepositoryDataSource.swift */,
				64CEDD892ADD5CDE000D39C3 /* BookRepositoryDataSourceProtocol.swift */,
			);
			path = Repository;
			sourceTree = "<group>";
		};
		64A672212AD967AE007615B1 /* Model */ = {
			isa = PBXGroup;
			children = (
				64A672222AD967AE007615B1 /* Commentaries.swift */,
				64A672232AD967AE007615B1 /* Translations.swift */,
				64A672242AD967AE007615B1 /* Chapter.swift */,
				64A672252AD967AE007615B1 /* Verses.swift */,
			);
			path = Model;
			sourceTree = "<group>";
		};
		64A672262AD967AE007615B1 /* Utilities */ = {
			isa = PBXGroup;
			children = (
				64A672272AD967AE007615B1 /* Constant.swift */,
			);
			path = Utilities;
			sourceTree = "<group>";
		};
		64A672292AD967AE007615B1 /* View */ = {
			isa = PBXGroup;
			children = (
				64A6722B2AD967AE007615B1 /* Components */,
				64A6722A2AD967AE007615B1 /* HomeView.swift */,
				64A672322AD967AE007615B1 /* ChapterListView.swift */,
				64A672332AD967AE007615B1 /* PageView.swift */,
			);
			path = View;
			sourceTree = "<group>";
		};
		64A6722B2AD967AE007615B1 /* Components */ = {
			isa = PBXGroup;
			children = (
				64A6722C2AD967AE007615B1 /* VerseContentView.swift */,
				64A6722D2AD967AE007615B1 /* BackButtonView.swift */,
				64A6722E2AD967AE007615B1 /* GradientView.swift */,
				64A6722F2AD967AE007615B1 /* ChapterContentView.swift */,
				64A672302AD967AE007615B1 /* LoadingView.swift */,
			);
			path = Components;
			sourceTree = "<group>";
		};
		64A672342AD967AE007615B1 /* ViewModel */ = {
			isa = PBXGroup;
			children = (
				64A672352AD967AE007615B1 /* ChapterListViewModel.swift */,
				64A672362AD967AE007615B1 /* PageViewModel.swift */,
			);
			path = ViewModel;
			sourceTree = "<group>";
		};
		64CEDD912ADE65F9000D39C3 /* UITestUtils */ = {
			isa = PBXGroup;
			children = (
				64CEDD922ADE660B000D39C3 /* Constants.swift */,
			);
			path = UITestUtils;
			sourceTree = "<group>";
		};
/* End PBXGroup section */

/* Begin PBXNativeTarget section */
		64A671EF2AD96741007615B1 /* ReadGita */ = {
			isa = PBXNativeTarget;
			buildConfigurationList = 64A672142AD96744007615B1 /* Build configuration list for PBXNativeTarget "ReadGita" */;
			buildPhases = (
				64A671EC2AD96741007615B1 /* Sources */,
				64A671ED2AD96741007615B1 /* Frameworks */,
				64A671EE2AD96741007615B1 /* Resources */,
			);
			buildRules = (
			);
			dependencies = (
			);
			name = ReadGita;
			productName = ReadGita;
			productReference = 64A671F02AD96741007615B1 /* ReadGita.app */;
			productType = "com.apple.product-type.application";
		};
		64A671FF2AD96744007615B1 /* ReadGitaTests */ = {
			isa = PBXNativeTarget;
			buildConfigurationList = 64A672172AD96744007615B1 /* Build configuration list for PBXNativeTarget "ReadGitaTests" */;
			buildPhases = (
				64A671FC2AD96744007615B1 /* Sources */,
				64A671FD2AD96744007615B1 /* Frameworks */,
				64A671FE2AD96744007615B1 /* Resources */,
			);
			buildRules = (
			);
			dependencies = (
				64A672022AD96744007615B1 /* PBXTargetDependency */,
			);
			name = ReadGitaTests;
			productName = ReadGitaTests;
			productReference = 64A672002AD96744007615B1 /* ReadGitaTests.xctest */;
			productType = "com.apple.product-type.bundle.unit-test";
		};
		64A672092AD96744007615B1 /* ReadGitaUITests */ = {
			isa = PBXNativeTarget;
			buildConfigurationList = 64A6721A2AD96744007615B1 /* Build configuration list for PBXNativeTarget "ReadGitaUITests" */;
			buildPhases = (
				64A672062AD96744007615B1 /* Sources */,
				64A672072AD96744007615B1 /* Frameworks */,
				64A672082AD96744007615B1 /* Resources */,
			);
			buildRules = (
			);
			dependencies = (
				64A6720C2AD96744007615B1 /* PBXTargetDependency */,
			);
			name = ReadGitaUITests;
			productName = ReadGitaUITests;
			productReference = 64A6720A2AD96744007615B1 /* ReadGitaUITests.xctest */;
			productType = "com.apple.product-type.bundle.ui-testing";
		};
/* End PBXNativeTarget section */

/* Begin PBXProject section */
		64A671E82AD96741007615B1 /* Project object */ = {
			isa = PBXProject;
			attributes = {
				BuildIndependentTargetsInParallel = 1;
				LastSwiftUpdateCheck = 1500;
				LastUpgradeCheck = 1500;
				TargetAttributes = {
					64A671EF2AD96741007615B1 = {
						CreatedOnToolsVersion = 15.0;
					};
					64A671FF2AD96744007615B1 = {
						CreatedOnToolsVersion = 15.0;
						TestTargetID = 64A671EF2AD96741007615B1;
					};
					64A672092AD96744007615B1 = {
						CreatedOnToolsVersion = 15.0;
						TestTargetID = 64A671EF2AD96741007615B1;
					};
				};
			};
			buildConfigurationList = 64A671EB2AD96741007615B1 /* Build configuration list for PBXProject "ReadGita" */;
			compatibilityVersion = "Xcode 14.0";
			developmentRegion = en;
			hasScannedForEncodings = 0;
			knownRegions = (
				en,
				Base,
			);
			mainGroup = 64A671E72AD96741007615B1;
			productRefGroup = 64A671F12AD96741007615B1 /* Products */;
			projectDirPath = "";
			projectRoot = "";
			targets = (
				64A671EF2AD96741007615B1 /* ReadGita */,
				64A671FF2AD96744007615B1 /* ReadGitaTests */,
				64A672092AD96744007615B1 /* ReadGitaUITests */,
			);
		};
/* End PBXProject section */

/* Begin PBXResourcesBuildPhase section */
		64A671EE2AD96741007615B1 /* Resources */ = {
			isa = PBXResourcesBuildPhase;
			buildActionMask = 2147483647;
			files = (
				64A671FB2AD96743007615B1 /* Preview Assets.xcassets in Resources */,
				64A671F82AD96743007615B1 /* Assets.xcassets in Resources */,
			);
			runOnlyForDeploymentPostprocessing = 0;
		};
		64A671FE2AD96744007615B1 /* Resources */ = {
			isa = PBXResourcesBuildPhase;
			buildActionMask = 2147483647;
			files = (
			);
			runOnlyForDeploymentPostprocessing = 0;
		};
		64A672082AD96744007615B1 /* Resources */ = {
			isa = PBXResourcesBuildPhase;
			buildActionMask = 2147483647;
			files = (
			);
			runOnlyForDeploymentPostprocessing = 0;
		};
/* End PBXResourcesBuildPhase section */

/* Begin PBXSourcesBuildPhase section */
		64A671EC2AD96741007615B1 /* Sources */ = {
			isa = PBXSourcesBuildPhase;
			buildActionMask = 2147483647;
			files = (
				64A672442AD967AE007615B1 /* ChapterContentView.swift in Sources */,
				64A672492AD967AE007615B1 /* ChapterListViewModel.swift in Sources */,
				64A672422AD967AE007615B1 /* BackButtonView.swift in Sources */,
				64A672432AD967AE007615B1 /* GradientView.swift in Sources */,
				64A672482AD967AE007615B1 /* PageView.swift in Sources */,
				64A672452AD967AE007615B1 /* LoadingView.swift in Sources */,
				64CEDD8A2ADD5CDE000D39C3 /* BookRepositoryDataSourceProtocol.swift in Sources */,
				64A6723D2AD967AE007615B1 /* Verses.swift in Sources */,
				64A671F42AD96741007615B1 /* ReadGitaApp.swift in Sources */,
				64A6724A2AD967AE007615B1 /* PageViewModel.swift in Sources */,
				64A6723A2AD967AE007615B1 /* Commentaries.swift in Sources */,
				64A672382AD967AE007615B1 /* BookRepository.swift in Sources */,
				64A6723B2AD967AE007615B1 /* Translations.swift in Sources */,
				64A672372AD967AE007615B1 /* BookRepositoryProtocol.swift in Sources */,
				64A672472AD967AE007615B1 /* ChapterListView.swift in Sources */,
				64A672412AD967AE007615B1 /* VerseContentView.swift in Sources */,
				64A6723E2AD967AE007615B1 /* Constant.swift in Sources */,
				64A672402AD967AE007615B1 /* HomeView.swift in Sources */,
				64A672392AD967AE007615B1 /* BookRepositoryDataSource.swift in Sources */,
				64A6723C2AD967AE007615B1 /* Chapter.swift in Sources */,
			);
			runOnlyForDeploymentPostprocessing = 0;
		};
		64A671FC2AD96744007615B1 /* Sources */ = {
			isa = PBXSourcesBuildPhase;
			buildActionMask = 2147483647;
			files = (
				64CEDD882ADD5653000D39C3 /* MockDataSource.swift in Sources */,
				64CEDD822ADD32FB000D39C3 /* MockBookRepository.swift in Sources */,
				64CEDD862ADD4FA6000D39C3 /* PageViewModelTests.swift in Sources */,
				64CEDD8C2ADD6713000D39C3 /* BookRepositoryTests.swift in Sources */,
				64A6724C2AD967F1007615B1 /* BookRepositoryDataSourceTests.swift in Sources */,
				64CEDD802ADD2DE1000D39C3 /* ChapterListViewModelTests.swift in Sources */,
			);
			runOnlyForDeploymentPostprocessing = 0;
		};
		64A672062AD96744007615B1 /* Sources */ = {
			isa = PBXSourcesBuildPhase;
			buildActionMask = 2147483647;
			files = (
				64CEDD932ADE660B000D39C3 /* Constants.swift in Sources */,
				64CEDD992ADE8C2C000D39C3 /* VerseContentViewUITests.swift in Sources */,
				64CEDD952ADE7936000D39C3 /* ChapterListViewUITest.swift in Sources */,
				64CEDD902ADE55E8000D39C3 /* PageViewUITests.swift in Sources */,
				64CEDD8E2ADE53DF000D39C3 /* HomeViewUITests.swift in Sources */,
			);
			runOnlyForDeploymentPostprocessing = 0;
		};
/* End PBXSourcesBuildPhase section */

/* Begin PBXTargetDependency section */
		64A672022AD96744007615B1 /* PBXTargetDependency */ = {
			isa = PBXTargetDependency;
			target = 64A671EF2AD96741007615B1 /* ReadGita */;
			targetProxy = 64A672012AD96744007615B1 /* PBXContainerItemProxy */;
		};
		64A6720C2AD96744007615B1 /* PBXTargetDependency */ = {
			isa = PBXTargetDependency;
			target = 64A671EF2AD96741007615B1 /* ReadGita */;
			targetProxy = 64A6720B2AD96744007615B1 /* PBXContainerItemProxy */;
		};
/* End PBXTargetDependency section */

/* Begin XCBuildConfiguration section */
		64A672122AD96744007615B1 /* Debug */ = {
			isa = XCBuildConfiguration;
			buildSettings = {
				ALWAYS_SEARCH_USER_PATHS = NO;
				ASSETCATALOG_COMPILER_GENERATE_SWIFT_ASSET_SYMBOL_EXTENSIONS = YES;
				CLANG_ANALYZER_NONNULL = YES;
				CLANG_ANALYZER_NUMBER_OBJECT_CONVERSION = YES_AGGRESSIVE;
				CLANG_CXX_LANGUAGE_STANDARD = "gnu++20";
				CLANG_ENABLE_MODULES = YES;
				CLANG_ENABLE_OBJC_ARC = YES;
				CLANG_ENABLE_OBJC_WEAK = YES;
				CLANG_WARN_BLOCK_CAPTURE_AUTORELEASING = YES;
				CLANG_WARN_BOOL_CONVERSION = YES;
				CLANG_WARN_COMMA = YES;
				CLANG_WARN_CONSTANT_CONVERSION = YES;
				CLANG_WARN_DEPRECATED_OBJC_IMPLEMENTATIONS = YES;
				CLANG_WARN_DIRECT_OBJC_ISA_USAGE = YES_ERROR;
				CLANG_WARN_DOCUMENTATION_COMMENTS = YES;
				CLANG_WARN_EMPTY_BODY = YES;
				CLANG_WARN_ENUM_CONVERSION = YES;
				CLANG_WARN_INFINITE_RECURSION = YES;
				CLANG_WARN_INT_CONVERSION = YES;
				CLANG_WARN_NON_LITERAL_NULL_CONVERSION = YES;
				CLANG_WARN_OBJC_IMPLICIT_RETAIN_SELF = YES;
				CLANG_WARN_OBJC_LITERAL_CONVERSION = YES;
				CLANG_WARN_OBJC_ROOT_CLASS = YES_ERROR;
				CLANG_WARN_QUOTED_INCLUDE_IN_FRAMEWORK_HEADER = YES;
				CLANG_WARN_RANGE_LOOP_ANALYSIS = YES;
				CLANG_WARN_STRICT_PROTOTYPES = YES;
				CLANG_WARN_SUSPICIOUS_MOVE = YES;
				CLANG_WARN_UNGUARDED_AVAILABILITY = YES_AGGRESSIVE;
				CLANG_WARN_UNREACHABLE_CODE = YES;
				CLANG_WARN__DUPLICATE_METHOD_MATCH = YES;
				COPY_PHASE_STRIP = NO;
				DEBUG_INFORMATION_FORMAT = dwarf;
				ENABLE_STRICT_OBJC_MSGSEND = YES;
				ENABLE_TESTABILITY = YES;
				ENABLE_USER_SCRIPT_SANDBOXING = YES;
				GCC_C_LANGUAGE_STANDARD = gnu17;
				GCC_DYNAMIC_NO_PIC = NO;
				GCC_NO_COMMON_BLOCKS = YES;
				GCC_OPTIMIZATION_LEVEL = 0;
				GCC_PREPROCESSOR_DEFINITIONS = (
					"DEBUG=1",
					"$(inherited)",
				);
				GCC_WARN_64_TO_32_BIT_CONVERSION = YES;
				GCC_WARN_ABOUT_RETURN_TYPE = YES_ERROR;
				GCC_WARN_UNDECLARED_SELECTOR = YES;
				GCC_WARN_UNINITIALIZED_AUTOS = YES_AGGRESSIVE;
				GCC_WARN_UNUSED_FUNCTION = YES;
				GCC_WARN_UNUSED_VARIABLE = YES;
				IPHONEOS_DEPLOYMENT_TARGET = 17.0;
				LOCALIZATION_PREFERS_STRING_CATALOGS = YES;
				MTL_ENABLE_DEBUG_INFO = INCLUDE_SOURCE;
				MTL_FAST_MATH = YES;
				ONLY_ACTIVE_ARCH = YES;
				SDKROOT = iphoneos;
				SWIFT_ACTIVE_COMPILATION_CONDITIONS = "DEBUG $(inherited)";
				SWIFT_OPTIMIZATION_LEVEL = "-Onone";
			};
			name = Debug;
		};
		64A672132AD96744007615B1 /* Release */ = {
			isa = XCBuildConfiguration;
			buildSettings = {
				ALWAYS_SEARCH_USER_PATHS = NO;
				ASSETCATALOG_COMPILER_GENERATE_SWIFT_ASSET_SYMBOL_EXTENSIONS = YES;
				CLANG_ANALYZER_NONNULL = YES;
				CLANG_ANALYZER_NUMBER_OBJECT_CONVERSION = YES_AGGRESSIVE;
				CLANG_CXX_LANGUAGE_STANDARD = "gnu++20";
				CLANG_ENABLE_MODULES = YES;
				CLANG_ENABLE_OBJC_ARC = YES;
				CLANG_ENABLE_OBJC_WEAK = YES;
				CLANG_WARN_BLOCK_CAPTURE_AUTORELEASING = YES;
				CLANG_WARN_BOOL_CONVERSION = YES;
				CLANG_WARN_COMMA = YES;
				CLANG_WARN_CONSTANT_CONVERSION = YES;
				CLANG_WARN_DEPRECATED_OBJC_IMPLEMENTATIONS = YES;
				CLANG_WARN_DIRECT_OBJC_ISA_USAGE = YES_ERROR;
				CLANG_WARN_DOCUMENTATION_COMMENTS = YES;
				CLANG_WARN_EMPTY_BODY = YES;
				CLANG_WARN_ENUM_CONVERSION = YES;
				CLANG_WARN_INFINITE_RECURSION = YES;
				CLANG_WARN_INT_CONVERSION = YES;
				CLANG_WARN_NON_LITERAL_NULL_CONVERSION = YES;
				CLANG_WARN_OBJC_IMPLICIT_RETAIN_SELF = YES;
				CLANG_WARN_OBJC_LITERAL_CONVERSION = YES;
				CLANG_WARN_OBJC_ROOT_CLASS = YES_ERROR;
				CLANG_WARN_QUOTED_INCLUDE_IN_FRAMEWORK_HEADER = YES;
				CLANG_WARN_RANGE_LOOP_ANALYSIS = YES;
				CLANG_WARN_STRICT_PROTOTYPES = YES;
				CLANG_WARN_SUSPICIOUS_MOVE = YES;
				CLANG_WARN_UNGUARDED_AVAILABILITY = YES_AGGRESSIVE;
				CLANG_WARN_UNREACHABLE_CODE = YES;
				CLANG_WARN__DUPLICATE_METHOD_MATCH = YES;
				COPY_PHASE_STRIP = NO;
				DEBUG_INFORMATION_FORMAT = "dwarf-with-dsym";
				ENABLE_NS_ASSERTIONS = NO;
				ENABLE_STRICT_OBJC_MSGSEND = YES;
				ENABLE_USER_SCRIPT_SANDBOXING = YES;
				GCC_C_LANGUAGE_STANDARD = gnu17;
				GCC_NO_COMMON_BLOCKS = YES;
				GCC_WARN_64_TO_32_BIT_CONVERSION = YES;
				GCC_WARN_ABOUT_RETURN_TYPE = YES_ERROR;
				GCC_WARN_UNDECLARED_SELECTOR = YES;
				GCC_WARN_UNINITIALIZED_AUTOS = YES_AGGRESSIVE;
				GCC_WARN_UNUSED_FUNCTION = YES;
				GCC_WARN_UNUSED_VARIABLE = YES;
				IPHONEOS_DEPLOYMENT_TARGET = 17.0;
				LOCALIZATION_PREFERS_STRING_CATALOGS = YES;
				MTL_ENABLE_DEBUG_INFO = NO;
				MTL_FAST_MATH = YES;
				SDKROOT = iphoneos;
				SWIFT_COMPILATION_MODE = wholemodule;
				VALIDATE_PRODUCT = YES;
			};
			name = Release;
		};
		64A672152AD96744007615B1 /* Debug */ = {
			isa = XCBuildConfiguration;
			buildSettings = {
				ASSETCATALOG_COMPILER_APPICON_NAME = AppIcon;
				ASSETCATALOG_COMPILER_GLOBAL_ACCENT_COLOR_NAME = AccentColor;
				CODE_SIGN_STYLE = Automatic;
				CURRENT_PROJECT_VERSION = 1;
				DEVELOPMENT_ASSET_PATHS = "\"ReadGita/Preview Content\"";
				DEVELOPMENT_TEAM = 2RZ34T7U35;
				ENABLE_PREVIEWS = YES;
				GENERATE_INFOPLIST_FILE = YES;
				INFOPLIST_KEY_UIApplicationSceneManifest_Generation = YES;
				INFOPLIST_KEY_UIApplicationSupportsIndirectInputEvents = YES;
				INFOPLIST_KEY_UILaunchScreen_Generation = YES;
				INFOPLIST_KEY_UISupportedInterfaceOrientations_iPad = "UIInterfaceOrientationPortrait UIInterfaceOrientationPortraitUpsideDown UIInterfaceOrientationLandscapeLeft UIInterfaceOrientationLandscapeRight";
				INFOPLIST_KEY_UISupportedInterfaceOrientations_iPhone = "UIInterfaceOrientationPortrait UIInterfaceOrientationLandscapeLeft UIInterfaceOrientationLandscapeRight";
				IPHONEOS_DEPLOYMENT_TARGET = 15.0;
				LD_RUNPATH_SEARCH_PATHS = (
					"$(inherited)",
					"@executable_path/Frameworks",
				);
				MARKETING_VERSION = 1.0;
				PRODUCT_BUNDLE_IDENTIFIER = demo.ReadGita;
				PRODUCT_NAME = "$(TARGET_NAME)";
				SWIFT_EMIT_LOC_STRINGS = YES;
				SWIFT_VERSION = 5.0;
				TARGETED_DEVICE_FAMILY = "1,2";
			};
			name = Debug;
		};
		64A672162AD96744007615B1 /* Release */ = {
			isa = XCBuildConfiguration;
			buildSettings = {
				ASSETCATALOG_COMPILER_APPICON_NAME = AppIcon;
				ASSETCATALOG_COMPILER_GLOBAL_ACCENT_COLOR_NAME = AccentColor;
				CODE_SIGN_STYLE = Automatic;
				CURRENT_PROJECT_VERSION = 1;
				DEVELOPMENT_ASSET_PATHS = "\"ReadGita/Preview Content\"";
				DEVELOPMENT_TEAM = 2RZ34T7U35;
				ENABLE_PREVIEWS = YES;
				GENERATE_INFOPLIST_FILE = YES;
				INFOPLIST_KEY_UIApplicationSceneManifest_Generation = YES;
				INFOPLIST_KEY_UIApplicationSupportsIndirectInputEvents = YES;
				INFOPLIST_KEY_UILaunchScreen_Generation = YES;
				INFOPLIST_KEY_UISupportedInterfaceOrientations_iPad = "UIInterfaceOrientationPortrait UIInterfaceOrientationPortraitUpsideDown UIInterfaceOrientationLandscapeLeft UIInterfaceOrientationLandscapeRight";
				INFOPLIST_KEY_UISupportedInterfaceOrientations_iPhone = "UIInterfaceOrientationPortrait UIInterfaceOrientationLandscapeLeft UIInterfaceOrientationLandscapeRight";
				IPHONEOS_DEPLOYMENT_TARGET = 15.0;
				LD_RUNPATH_SEARCH_PATHS = (
					"$(inherited)",
					"@executable_path/Frameworks",
				);
				MARKETING_VERSION = 1.0;
				PRODUCT_BUNDLE_IDENTIFIER = demo.ReadGita;
				PRODUCT_NAME = "$(TARGET_NAME)";
				SWIFT_EMIT_LOC_STRINGS = YES;
				SWIFT_VERSION = 5.0;
				TARGETED_DEVICE_FAMILY = "1,2";
			};
			name = Release;
		};
		64A672182AD96744007615B1 /* Debug */ = {
			isa = XCBuildConfiguration;
			buildSettings = {
				ALWAYS_EMBED_SWIFT_STANDARD_LIBRARIES = YES;
				BUNDLE_LOADER = "$(TEST_HOST)";
				CODE_SIGN_STYLE = Automatic;
				CURRENT_PROJECT_VERSION = 1;
				DEVELOPMENT_TEAM = 2RZ34T7U35;
				GENERATE_INFOPLIST_FILE = YES;
				IPHONEOS_DEPLOYMENT_TARGET = 15.0;
				MARKETING_VERSION = 1.0;
				PRODUCT_BUNDLE_IDENTIFIER = demo.ReadGitaTests;
				PRODUCT_NAME = "$(TARGET_NAME)";
				SWIFT_EMIT_LOC_STRINGS = NO;
				SWIFT_VERSION = 5.0;
				TARGETED_DEVICE_FAMILY = "1,2";
				TEST_HOST = "$(BUILT_PRODUCTS_DIR)/ReadGita.app/$(BUNDLE_EXECUTABLE_FOLDER_PATH)/ReadGita";
			};
			name = Debug;
		};
		64A672192AD96744007615B1 /* Release */ = {
			isa = XCBuildConfiguration;
			buildSettings = {
				ALWAYS_EMBED_SWIFT_STANDARD_LIBRARIES = YES;
				BUNDLE_LOADER = "$(TEST_HOST)";
				CODE_SIGN_STYLE = Automatic;
				CURRENT_PROJECT_VERSION = 1;
				DEVELOPMENT_TEAM = 2RZ34T7U35;
				GENERATE_INFOPLIST_FILE = YES;
				IPHONEOS_DEPLOYMENT_TARGET = 15.0;
				MARKETING_VERSION = 1.0;
				PRODUCT_BUNDLE_IDENTIFIER = demo.ReadGitaTests;
				PRODUCT_NAME = "$(TARGET_NAME)";
				SWIFT_EMIT_LOC_STRINGS = NO;
				SWIFT_VERSION = 5.0;
				TARGETED_DEVICE_FAMILY = "1,2";
				TEST_HOST = "$(BUILT_PRODUCTS_DIR)/ReadGita.app/$(BUNDLE_EXECUTABLE_FOLDER_PATH)/ReadGita";
			};
			name = Release;
		};
		64A6721B2AD96744007615B1 /* Debug */ = {
			isa = XCBuildConfiguration;
			buildSettings = {
				ALWAYS_EMBED_SWIFT_STANDARD_LIBRARIES = YES;
				CODE_SIGN_STYLE = Automatic;
				CURRENT_PROJECT_VERSION = 1;
				DEVELOPMENT_TEAM = 2RZ34T7U35;
				GENERATE_INFOPLIST_FILE = YES;
				IPHONEOS_DEPLOYMENT_TARGET = 15.0;
				MARKETING_VERSION = 1.0;
				PRODUCT_BUNDLE_IDENTIFIER = demo.ReadGitaUITests;
				PRODUCT_NAME = "$(TARGET_NAME)";
				SWIFT_EMIT_LOC_STRINGS = NO;
				SWIFT_VERSION = 5.0;
				TARGETED_DEVICE_FAMILY = "1,2";
				TEST_TARGET_NAME = ReadGita;
			};
			name = Debug;
		};
		64A6721C2AD96744007615B1 /* Release */ = {
			isa = XCBuildConfiguration;
			buildSettings = {
				ALWAYS_EMBED_SWIFT_STANDARD_LIBRARIES = YES;
				CODE_SIGN_STYLE = Automatic;
				CURRENT_PROJECT_VERSION = 1;
				DEVELOPMENT_TEAM = 2RZ34T7U35;
				GENERATE_INFOPLIST_FILE = YES;
				IPHONEOS_DEPLOYMENT_TARGET = 15.0;
				MARKETING_VERSION = 1.0;
				PRODUCT_BUNDLE_IDENTIFIER = demo.ReadGitaUITests;
				PRODUCT_NAME = "$(TARGET_NAME)";
				SWIFT_EMIT_LOC_STRINGS = NO;
				SWIFT_VERSION = 5.0;
				TARGETED_DEVICE_FAMILY = "1,2";
				TEST_TARGET_NAME = ReadGita;
			};
			name = Release;
		};
/* End XCBuildConfiguration section */

/* Begin XCConfigurationList section */
		64A671EB2AD96741007615B1 /* Build configuration list for PBXProject "ReadGita" */ = {
			isa = XCConfigurationList;
			buildConfigurations = (
				64A672122AD96744007615B1 /* Debug */,
				64A672132AD96744007615B1 /* Release */,
			);
			defaultConfigurationIsVisible = 0;
			defaultConfigurationName = Release;
		};
		64A672142AD96744007615B1 /* Build configuration list for PBXNativeTarget "ReadGita" */ = {
			isa = XCConfigurationList;
			buildConfigurations = (
				64A672152AD96744007615B1 /* Debug */,
				64A672162AD96744007615B1 /* Release */,
			);
			defaultConfigurationIsVisible = 0;
			defaultConfigurationName = Release;
		};
		64A672172AD96744007615B1 /* Build configuration list for PBXNativeTarget "ReadGitaTests" */ = {
			isa = XCConfigurationList;
			buildConfigurations = (
				64A672182AD96744007615B1 /* Debug */,
				64A672192AD96744007615B1 /* Release */,
			);
			defaultConfigurationIsVisible = 0;
			defaultConfigurationName = Release;
		};
		64A6721A2AD96744007615B1 /* Build configuration list for PBXNativeTarget "ReadGitaUITests" */ = {
			isa = XCConfigurationList;
			buildConfigurations = (
				64A6721B2AD96744007615B1 /* Debug */,
				64A6721C2AD96744007615B1 /* Release */,
			);
			defaultConfigurationIsVisible = 0;
			defaultConfigurationName = Release;
		};
/* End XCConfigurationList section */
	};
	rootObject = 64A671E82AD96741007615B1 /* Project object */;
}
